
Microsoft Visual Studio Solution File, Format Version 12.00
# Visual Studio Version 16
VisualStudioVersion = 16.0.30711.63
MinimumVisualStudioVersion = 10.0.40219.1
Project("{FAE04EC0-301F-11D3-BF4B-00C04F79EFBC}") = "LR1(v2)", "LR1(v2).csproj", "{5E42F34E-FB20-4415-908F-E7EE9B2E9C65}"
EndProject
Project("{FAE04EC0-301F-11D3-BF4B-00C04F79EFBC}") = "ClassLibrary1", "..\ClassLibrary1\ClassLibrary1.csproj", "{9347DB0E-650E-4C79-B29A-008A84C62E77}"
EndProject
Global
	GlobalSection(SolutionConfigurationPlatforms) = preSolution
		Debug|Any CPU = Debug|Any CPU
		Release|Any CPU = Release|Any CPU
	EndGlobalSection
	GlobalSection(ProjectConfigurationPlatforms) = postSolution
		{5E42F34E-FB20-4415-908F-E7EE9B2E9C65}.Debug|Any CPU.ActiveCfg = Debug|Any CPU
		{5E42F34E-FB20-4415-908F-E7EE9B2E9C65}.Debug|Any CPU.Build.0 = Debug|Any CPU
		{5E42F34E-FB20-4415-908F-E7EE9B2E9C65}.Release|Any CPU.ActiveCfg = Release|Any CPU
		{5E42F34E-FB20-4415-908F-E7EE9B2E9C65}.Release|Any CPU.Build.0 = Release|Any CPU
		{9347DB0E-650E-4C79-B29A-008A84C62E77}.Debug|Any CPU.ActiveCfg = Debug|Any CPU
		{9347DB0E-650E-4C79-B29A-008A84C62E77}.Debug|Any CPU.Build.0 = Debug|Any CPU
		{9347DB0E-650E-4C79-B29A-008A84C62E77}.Release|Any CPU.ActiveCfg = Release|Any CPU
		{9347DB0E-650E-4C79-B29A-008A84C62E77}.Release|Any CPU.Build.0 = Release|Any CPU
	EndGlobalSection
	GlobalSection(SolutionProperties) = preSolution
		HideSolutionNode = FALSE
	EndGlobalSection
	GlobalSection(ExtensibilityGlobals) = postSolution
		SolutionGuid = {1A3D5488-AB99-4F62-BC4E-EB4638472D35}
	EndGlobalSection
EndGlobal
